
Microsoft Visual Studio Solution File, Format Version 12.00
# Visual Studio 15
VisualStudioVersion = 15.0.28307.1267
MinimumVisualStudioVersion = 10.0.40219.1
Project("{FAE04EC0-301F-11D3-BF4B-00C04F79EFBC}") = "PTWEB", "PTWEB\PTWEB.csproj", "{E9B49FD0-F2BD-4EA5-A423-B3B061FF17CF}"
EndProject
Global
	GlobalSection(SolutionConfigurationPlatforms) = preSolution
		Debug|Any CPU = Debug|Any CPU
		Release|Any CPU = Release|Any CPU
	EndGlobalSection
	GlobalSection(ProjectConfigurationPlatforms) = postSolution
		{E9B49FD0-F2BD-4EA5-A423-B3B061FF17CF}.Debug|Any CPU.ActiveCfg = Debug|Any CPU
		{E9B49FD0-F2BD-4EA5-A423-B3B061FF17CF}.Debug|Any CPU.Build.0 = Debug|Any CPU
		{E9B49FD0-F2BD-4EA5-A423-B3B061FF17CF}.Release|Any CPU.ActiveCfg = Release|Any CPU
		{E9B49FD0-F2BD-4EA5-A423-B3B061FF17CF}.Release|Any CPU.Build.0 = Release|Any CPU
	EndGlobalSection
	GlobalSection(SolutionProperties) = preSolution
		HideSolutionNode = FALSE
	EndGlobalSection
	GlobalSection(ExtensibilityGlobals) = postSolution
		SolutionGuid = {023A2D28-1F7F-4AD3-8BE3-9789E38185B6}
	EndGlobalSection
EndGlobal
